
Microsoft Visual Studio Solution File, Format Version 12.00
# Visual Studio Version 16
VisualStudioVersion = 16.0.30804.86
MinimumVisualStudioVersion = 10.0.40219.1
Project("{FAE04EC0-301F-11D3-BF4B-00C04F79EFBC}") = "WPFwholesale", "WPFwholesale\WPFwholesale.csproj", "{641C1445-7C9E-44D4-9B87-D23C1C175890}"
EndProject
Project("{2150E333-8FDC-42A3-9474-1A3956D46DE8}") = "Solution Items", "Solution Items", "{14B74216-3B18-42E7-BF78-B8DB193C555E}"
EndProject
Global
	GlobalSection(SolutionConfigurationPlatforms) = preSolution
		Debug|Any CPU = Debug|Any CPU
		Release|Any CPU = Release|Any CPU
	EndGlobalSection
	GlobalSection(ProjectConfigurationPlatforms) = postSolution
		{641C1445-7C9E-44D4-9B87-D23C1C175890}.Debug|Any CPU.ActiveCfg = Debug|Any CPU
		{641C1445-7C9E-44D4-9B87-D23C1C175890}.Debug|Any CPU.Build.0 = Debug|Any CPU
		{641C1445-7C9E-44D4-9B87-D23C1C175890}.Release|Any CPU.ActiveCfg = Release|Any CPU
		{641C1445-7C9E-44D4-9B87-D23C1C175890}.Release|Any CPU.Build.0 = Release|Any CPU
	EndGlobalSection
	GlobalSection(SolutionProperties) = preSolution
		HideSolutionNode = FALSE
	EndGlobalSection
	GlobalSection(ExtensibilityGlobals) = postSolution
		SolutionGuid = {257416ED-BA84-46C3-B7E8-D50766DBB8A3}
	EndGlobalSection
EndGlobal
